dependencies:
  espressif/button:
    component_hash: f53face2ab21fa0ffaf4cf0f6e513d393f56df6586bb2ad1146120f03f19ee05
    dependencies:
    - name: espressif/cmake_utilities
      registry_url: https://components.espressif.com
      require: private
      version: '*'
    - name: idf
      require: private
      version: '>=4.0'
    source:
      registry_url: https://components.espressif.com/
      type: service
    version: 4.1.3
  espressif/cbor:
    component_hash: 742f5005032227c6edbaab15f3dd6d2010bf2f5997ea93bb313e4e629789b2e0
    dependencies:
    - name: idf
      require: private
      version: '>=4.3'
    source:
      registry_url: https://components.espressif.com/
      type: service
    version: 0.6.0~2
  espressif/cmake_utilities:
    component_hash: 05165f30922b422b4b90c08845e6d449329b97370fbd06309803d8cb539d79e3
    dependencies:
    - name: idf
      require: private
      version: '>=4.1'
    source:
      registry_url: https://components.espressif.com
      type: service
    version: 1.1.1
  espressif/coap:
    component_hash: a5d1b781b15980d9af136b5e63315dd5f5ec00215cc755f395ad2fb4977c7668
    dependencies:
    - name: idf
      require: private
      version: '>=4.4'
    source:
      registry_url: https://components.espressif.com/
      type: service
    version: 4.3.5~3
  espressif/mdns:
    component_hash: 3ec0af5f6bce310512e90f482388d21cc7c0e99668172d2f895356165fc6f7c5
    dependencies:
    - name: idf
      require: private
      version: '>=5.0'
    source:
      registry_url: https://components.espressif.com/
      type: service
    version: 1.8.2
  idf:
    source:
      type: idf
    version: 5.4.1
direct_dependencies:
- espressif/button
- espressif/cbor
- espressif/coap
- espressif/mdns
- idf
manifest_hash: 4e911325df095e358787833090db6af5e5a9d910c2ebcd3fa10653932883d4bd
target: esp32c3
version: 2.0.0
