version = 1
revision = 3
requires-python = ">=3.10"

[[package]]
name = "aiocoap"
version = "0.4.17"
source = { registry = "https://pypi.org/simple" }
sdist = { url = "https://files.pythonhosted.org/packages/1d/7c/10483df04d7910e21d55d47ab7c014fb02644b5b58ba741161360f8e9e8d/aiocoap-0.4.17.tar.gz", hash = "sha256:464c8d2b85ec1ef435dabeaa3fb6c8256b40fadfe6ce4ca83b93acb8d555f436", size = 313536, upload-time = "2025-11-05T01:25:36.641Z" }
wheels = [
    { url = "https://files.pythonhosted.org/packages/6c/43/aa24717e6a12dd00e0a9bee405ef8d3b9643edac23876e949f23f46b55ff/aiocoap-0.4.17-py3-none-any.whl", hash = "sha256:9f8f5f09e8f2666b635d7f9c45db5d1d0e38d41479b2d83878678a9cdb5a8f3c", size = 247391, upload-time = "2025-11-05T01:25:34.704Z" },
]

[[package]]
name = "aiofiles"
version = "25.1.0"
source = { registry = "https://pypi.org/simple" }
sdist = { url = "https://files.pythonhosted.org/packages/41/c3/534eac40372d8ee36ef40df62ec129bee4fdb5ad9706e58a29be53b2c970/aiofiles-25.1.0.tar.gz", hash = "sha256:a8d728f0a29de45dc521f18f07297428d56992a742f0cd2701ba86e44d23d5b2", size = 46354, upload-time = "2025-10-09T20:51:04.358Z" }
wheels = [
    { url = "https://files.pythonhosted.org/packages/bc/8a/340a1555ae33d7354dbca4faa54948d76d89a27ceef032c8c3bc661d003e/aiofiles-25.1.0-py3-none-any.whl", hash = "sha256:abe311e527c862958650f9438e859c1fa7568a141b22abcd015e120e86a85695", size = 14668, upload-time = "2025-10-09T20:51:03.174Z" },
]

[[package]]
name = "borneoiot"
version = "0.4.13"
source = { editable = "." }
dependencies = [
    { name = "aiocoap" },
    { name = "aiofiles" },
    { name = "cbor2" },
    { name = "typing-extensions" },
    { name = "zeroconf" },
]

[package.metadata]
requires-dist = [
    { name = "aiocoap", specifier = ">=0.4.12" },
    { name = "aiofiles" },
    { name = "cbor2", specifier = ">=5.8.0" },
    { name = "typing-extensions", specifier = ">=4.3.0" },
    { name = "zeroconf", specifier = "==0.148.0" },
]

[[package]]
name = "cbor2"
version = "5.8.0"
source = { registry = "https://pypi.org/simple" }
sdist = { url = "https://files.pythonhosted.org/packages/d9/8e/8b4fdde28e42ffcd741a37f4ffa9fb59cd4fe01625b544dfcfd9ccb54f01/cbor2-5.8.0.tar.gz", hash = "sha256:b19c35fcae9688ac01ef75bad5db27300c2537eb4ee00ed07e05d8456a0d4931", size = 107825, upload-time = "2025-12-30T18:44:22.455Z" }
wheels = [
    { url = "https://files.pythonhosted.org/packages/3c/05/486166d9e998d65d70810e63eeacc8c5f13d167d8797cf2d73a588beb335/cbor2-5.8.0-cp310-cp310-macosx_11_0_arm64.whl", hash = "sha256:2263c0c892194f10012ced24c322d025d9d7b11b41da1c357f3b3fe06676e6b7", size = 69882, upload-time = "2025-12-30T18:43:25.365Z" },
    { url = "https://files.pythonhosted.org/packages/4e/d0/ee976eaaf21c211eef651e1a921c109c3c3a3785d98307d74a70d142f341/cbor2-5.8.0-cp310-cp310-manylinux2014_aarch64.manylinux_2_17_aarch64.manylinux_2_28_aarch64.whl", hash = "sha256:6ffe4ca079f6f8ed393f5c71a8de22651cb27bd50e74e2bcd6bc9c8f853a732b", size = 260696, upload-time = "2025-12-30T18:43:27.784Z" },
    { url = "https://files.pythonhosted.org/packages/66/7f/81cabd3aee6cc54b101a5214d5c3e541d275d7c05647c7dfc266c6aacf6f/cbor2-5.8.0-cp310-cp310-manylinux2014_x86_64.manylinux_2_17_x86_64.manylinux_2_28_x86_64.whl", hash = "sha256:0427bd166230fe4c4b72965c6f2b6273bf29016d97cf08b258fa48db851ea598", size = 252135, upload-time = "2025-12-30T18:43:29.418Z" },
    { url = "https://files.pythonhosted.org/packages/c2/0b/f38e8c579e7e2d88d446549bce35bde7d845199300bc456b4123d6e6f0af/cbor2-5.8.0-cp310-cp310-musllinux_1_2_aarch64.whl", hash = "sha256:c23a04947c37964d70028ca44ea2a8709f09b8adc0090f9b5710fa957e9bc545", size = 255342, upload-time = "2025-12-30T18:43:30.966Z" },
    { url = "https://files.pythonhosted.org/packages/5d/02/8413f1bd42c8f665fb85374151599cb4957848f0f307d08334a08dee544c/cbor2-5.8.0-cp310-cp310-musllinux_1_2_x86_64.whl", hash = "sha256:218d5c7d2e8d13c7eded01a1b3fe2a9a1e51a7a843cefb8d38cb4bbbc6ad9bf7", size = 247191, upload-time = "2025-12-30T18:43:32.555Z" },
    { url = "https://files.pythonhosted.org/packages/e5/b8/edeffcad06b83d3661827973a8e6f5d51a9f5842e1ee9d191fdef60388ad/cbor2-5.8.0-cp310-cp310-win_amd64.whl", hash = "sha256:4ce7d907a25448af7c13415281d739634edfd417228b274309b243ca52ad71f9", size = 69254, upload-time = "2025-12-30T18:43:33.717Z" },
    { url = "https://files.pythonhosted.org/packages/ce/1a/dde6537d8d1c2b3157ea6487ea417a5ad0157687d0e9a3ff806bf23c8cb1/cbor2-5.8.0-cp310-cp310-win_arm64.whl", hash = "sha256:628d0ea850aa040921a0e50a08180e7d20cf691432cec3eabc193f643eccfbde", size = 64946, upload-time = "2025-12-30T18:43:34.849Z" },
    { url = "https://files.pythonhosted.org/packages/88/4b/623435ef9b98e86b6956a41863d39ff4fe4d67983948b5834f55499681dd/cbor2-5.8.0-cp311-cp311-macosx_11_0_arm64.whl", hash = "sha256:18ac191640093e6c7fbcb174c006ffec4106c3d8ab788e70272c1c4d933cbe11", size = 69875, upload-time = "2025-12-30T18:43:35.888Z" },
    { url = "https://files.pythonhosted.org/packages/58/17/f664201080b2a7d0f57c16c8e9e5922013b92f202e294863ec7e75b7ff7f/cbor2-5.8.0-cp311-cp311-manylinux2014_aarch64.manylinux_2_17_aarch64.manylinux_2_28_aarch64.whl", hash = "sha256:fddee9103a17d7bed5753f0c7fc6663faa506eb953e50d8287804eccf7b048e6", size = 268316, upload-time = "2025-12-30T18:43:37.161Z" },
    { url = "https://files.pythonhosted.org/packages/d0/e1/072745b4ff01afe9df2cd627f8fc51a1acedb5d3d1253765625d2929db91/cbor2-5.8.0-cp311-cp311-manylinux2014_x86_64.manylinux_2_17_x86_64.manylinux_2_28_x86_64.whl", hash = "sha256:8d2ea26fad620aba5e88d7541be8b10c5034a55db9a23809b7cb49f36803f05b", size = 258874, upload-time = "2025-12-30T18:43:38.878Z" },
    { url = "https://files.pythonhosted.org/packages/a7/10/61c262b886d22b62c56e8aac6d10fa06d0953c997879ab882a31a624952b/cbor2-5.8.0-cp311-cp311-musllinux_1_2_aarch64.whl", hash = "sha256:de68b4b310b072b082d317adc4c5e6910173a6d9455412e6183d72c778d1f54c", size = 261971, upload-time = "2025-12-30T18:43:40.401Z" },
    { url = "https://files.pythonhosted.org/packages/7e/42/b7862f5e64364b10ad120ea53e87ec7e891fb268cb99c572348e647cf7e9/cbor2-5.8.0-cp311-cp311-musllinux_1_2_x86_64.whl", hash = "sha256:418d2cf0e03e90160fa1474c05a40fe228bbb4a92d1628bdbbd13a48527cb34d", size = 254151, upload-time = "2025-12-30T18:43:41.938Z" },
    { url = "https://files.pythonhosted.org/packages/16/6a/8d3636cf75466c18615e7cfac0d345ee3c030f6c79535faed0c2c02b1839/cbor2-5.8.0-cp311-cp311-win_amd64.whl", hash = "sha256:453200ffa1c285ea46ab5745736a015526d41f22da09cb45594624581d959770", size = 69169, upload-time = "2025-12-30T18:43:43.424Z" },
    { url = "https://files.pythonhosted.org/packages/9b/88/79b205bf869558b39a11de70750cb13679b27ba5654a43bed3f2aee7d1b4/cbor2-5.8.0-cp311-cp311-win_arm64.whl", hash = "sha256:f6615412fca973a8b472b3efc4dab01df71cc13f15d8b2c0a1cffac44500f12d", size = 64955, upload-time = "2025-12-30T18:43:44.7Z" },
    { url = "https://files.pythonhosted.org/packages/2f/4f/3a16e3e8fd7e5fd86751a4f1aad218a8d19a96e75ec3989c3e95a8fe1d8f/cbor2-5.8.0-cp312-cp312-macosx_11_0_arm64.whl", hash = "sha256:4b3f91fa699a5ce22470e973601c62dd9d55dc3ca20ee446516ac075fcab27c9", size = 70270, upload-time = "2025-12-30T18:43:46.005Z" },
    { url = "https://files.pythonhosted.org/packages/38/81/0d0cf0796fe8081492a61c45278f03def21a929535a492dd97c8438f5dbe/cbor2-5.8.0-cp312-cp312-manylinux2014_aarch64.manylinux_2_17_aarch64.manylinux_2_28_aarch64.whl", hash = "sha256:518c118a5e00001854adb51f3164e647aa99b6a9877d2a733a28cb5c0a4d6857", size = 286242, upload-time = "2025-12-30T18:43:47.026Z" },
    { url = "https://files.pythonhosted.org/packages/7b/a9/fdab6c10190cfb8d639e01f2b168f2406fc847a2a6bc00e7de78c3381d0a/cbor2-5.8.0-cp312-cp312-manylinux2014_x86_64.manylinux_2_17_x86_64.manylinux_2_28_x86_64.whl", hash = "sha256:cff2a1999e49cd51c23d1b6786a012127fd8f722c5946e82bd7ab3eb307443f3", size = 285412, upload-time = "2025-12-30T18:43:48.563Z" },
    { url = "https://files.pythonhosted.org/packages/31/59/746a8e630996217a3afd523f583fcf7e3d16640d63f9a03f0f4e4f74b5b1/cbor2-5.8.0-cp312-cp312-musllinux_1_2_aarch64.whl", hash = "sha256:4c4492160212374973cdc14e46f0565f2462721ef922b40f7ea11e7d613dfb2a", size = 278041, upload-time = "2025-12-30T18:43:49.92Z" },
    { url = "https://files.pythonhosted.org/packages/0f/a3/f3bbeb6dedd45c6e0cddd627ea790dea295eaf82c83f0e2159b733365ebd/cbor2-5.8.0-cp312-cp312-musllinux_1_2_x86_64.whl", hash = "sha256:546c7c7c4c6bcdc54a59242e0e82cea8f332b17b4465ae628718fef1fce401ca", size = 278185, upload-time = "2025-12-30T18:43:51.192Z" },
    { url = "https://files.pythonhosted.org/packages/67/e5/9013d6b857ceb6cdb2851ffb5a887f53f2bab934a528c9d6fa73d9989d84/cbor2-5.8.0-cp312-cp312-win_amd64.whl", hash = "sha256:074f0fa7535dd7fdee247c2c99f679d94f3aa058ccb1ccf4126cc72d6d89cbae", size = 69817, upload-time = "2025-12-30T18:43:52.352Z" },
    { url = "https://files.pythonhosted.org/packages/a8/ab/7aa94ba3d44ecbc3a97bdb2fb6a8298063fe2e0b611e539a6fe41e36da20/cbor2-5.8.0-cp312-cp312-win_arm64.whl", hash = "sha256:f95fed480b2a0d843f294d2a1ef4cc0f6a83c7922927f9f558e1f5a8dc54b7ca", size = 64923, upload-time = "2025-12-30T18:43:53.719Z" },
    { url = "https://files.pythonhosted.org/packages/a6/0d/5a3f20bafaefeb2c1903d961416f051c0950f0d09e7297a3aa6941596b29/cbor2-5.8.0-cp313-cp313-macosx_11_0_arm64.whl", hash = "sha256:6d8d104480845e2f28c6165b4c961bbe58d08cb5638f368375cfcae051c28015", size = 70332, upload-time = "2025-12-30T18:43:54.694Z" },
    { url = "https://files.pythonhosted.org/packages/57/66/177a3f089e69db69c987453ab4934086408c3338551e4984734597be9f80/cbor2-5.8.0-cp313-cp313-manylinux2014_aarch64.manylinux_2_17_aarch64.manylinux_2_28_aarch64.whl", hash = "sha256:43efee947e5ab67d406d6e0dc61b5dee9d2f5e89ae176f90677a3741a20ca2e7", size = 285985, upload-time = "2025-12-30T18:43:55.733Z" },
    { url = "https://files.pythonhosted.org/packages/b7/8e/9e17b8e4ed80a2ce97e2dfa5915c169dbb31599409ddb830f514b57f96cc/cbor2-5.8.0-cp313-cp313-manylinux2014_x86_64.manylinux_2_17_x86_64.manylinux_2_28_x86_64.whl", hash = "sha256:be7ae582f50be539e09c134966d0fd63723fc4789b8dff1f6c2e3f24ae3eaf32", size = 285173, upload-time = "2025-12-30T18:43:57.321Z" },
    { url = "https://files.pythonhosted.org/packages/cc/33/9f92e107d78f88ac22723ac15d0259d220ba98c1d855e51796317f4c4114/cbor2-5.8.0-cp313-cp313-musllinux_1_2_aarch64.whl", hash = "sha256:50f5c709561a71ea7970b4cd2bf9eda4eccacc0aac212577080fdfe64183e7f5", size = 278395, upload-time = "2025-12-30T18:43:58.497Z" },
    { url = "https://files.pythonhosted.org/packages/2f/3f/46b80050a4a35ce5cf7903693864a9fdea7213567dc8faa6e25cb375c182/cbor2-5.8.0-cp313-cp313-musllinux_1_2_x86_64.whl", hash = "sha256:a6790ecc73aa93e76d2d9076fc42bf91a9e69f2295e5fa702e776dbe986465bd", size = 278330, upload-time = "2025-12-30T18:43:59.656Z" },
    { url = "https://files.pythonhosted.org/packages/eb/d2/d41f8c04c783a4d204e364be2d38043d4f732a3bed6f4c732e321cf34c7b/cbor2-5.8.0-cp313-cp313-win_amd64.whl", hash = "sha256:c114af8099fa65a19a514db87ce7a06e942d8fea2730afd49be39f8e16e7f5e0", size = 69841, upload-time = "2025-12-30T18:44:01.159Z" },
    { url = "https://files.pythonhosted.org/packages/1b/8c/0397a82f6e67665009951453c83058e4c77ba54b9a9017ede56d6870306c/cbor2-5.8.0-cp313-cp313-win_arm64.whl", hash = "sha256:ab3ba00494ad8669a459b12a558448d309c271fa4f89b116ad496ee35db38fea", size = 64982, upload-time = "2025-12-30T18:44:02.138Z" },
    { url = "https://files.pythonhosted.org/packages/4b/0c/0654233d7543ac8a50f4785f172430ddc97538ba418eb305d6e529d1a120/cbor2-5.8.0-cp314-cp314-macosx_11_0_arm64.whl", hash = "sha256:ad72381477133046ce217617d839ea4e9454f8b77d9a6351b229e214102daeb7", size = 70710, upload-time = "2025-12-30T18:44:03.209Z" },
    { url = "https://files.pythonhosted.org/packages/84/62/4671d24e557d7f5a74a01b422c538925140c0495e57decde7e566f91d029/cbor2-5.8.0-cp314-cp314-manylinux2014_aarch64.manylinux_2_17_aarch64.manylinux_2_28_aarch64.whl", hash = "sha256:6da25190fad3434ce99876b11d4ca6b8828df6ca232cf7344cd14ae1166fb718", size = 285005, upload-time = "2025-12-30T18:44:05.109Z" },
    { url = "https://files.pythonhosted.org/packages/87/85/0c67d763a08e848c9a80d7e4723ba497cce676f41bc7ca1828ae90a0a872/cbor2-5.8.0-cp314-cp314-manylinux2014_x86_64.manylinux_2_17_x86_64.manylinux_2_28_x86_64.whl", hash = "sha256:c13919e3a24c5a6d286551fa288848a4cedc3e507c58a722ccd134e461217d99", size = 282435, upload-time = "2025-12-30T18:44:06.465Z" },
    { url = "https://files.pythonhosted.org/packages/b2/01/0650972b4dbfbebcfbe37cbba7fc3cd9019a8da6397ab3446e07175e342b/cbor2-5.8.0-cp314-cp314-musllinux_1_2_aarch64.whl", hash = "sha256:f8c40d32e5972047a777f9bf730870828f3cf1c43b3eb96fd0429c57a1d3b9e6", size = 277493, upload-time = "2025-12-30T18:44:07.609Z" },
    { url = "https://files.pythonhosted.org/packages/b3/6c/7704a4f32adc7f10f3b41ec067f500a4458f7606397af5e4cf2d368fd288/cbor2-5.8.0-cp314-cp314-musllinux_1_2_x86_64.whl", hash = "sha256:7627894bc0b3d5d0807f31e3107e11b996205470c4429dc2bb4ef8bfe7f64e1e", size = 276085, upload-time = "2025-12-30T18:44:09.021Z" },
    { url = "https://files.pythonhosted.org/packages/88/6d/e43452347630efe8133f5304127539100d937c138c0996d27ec63963ec2c/cbor2-5.8.0-cp314-cp314-win_amd64.whl", hash = "sha256:b51c5e59becae746ca4de2bbaa8a2f5c64a68fec05cea62941b1a84a8335f7d1", size = 71657, upload-time = "2025-12-30T18:44:10.162Z" },
    { url = "https://files.pythonhosted.org/packages/8b/66/9a780ef34ab10a0437666232e885378cdd5f60197b1b5e61a62499e5a10a/cbor2-5.8.0-cp314-cp314-win_arm64.whl", hash = "sha256:53b630f4db4b9f477ad84077283dd17ecf9894738aa17ef4938c369958e02a71", size = 67171, upload-time = "2025-12-30T18:44:11.619Z" },
    { url = "https://files.pythonhosted.org/packages/d6/4f/101071f880b4da05771128c0b89f41e334cff044dee05fb013c8f4be661c/cbor2-5.8.0-py3-none-any.whl", hash = "sha256:3727d80f539567b03a7aa11890e57798c67092c38df9e6c23abb059e0f65069c", size = 24374, upload-time = "2025-12-30T18:44:21.476Z" },
]

[[package]]
name = "ifaddr"
version = "0.2.0"
source = { registry = "https://pypi.org/simple" }
sdist = { url = "https://files.pythonhosted.org/packages/e8/ac/fb4c578f4a3256561548cd825646680edcadb9440f3f68add95ade1eb791/ifaddr-0.2.0.tar.gz", hash = "sha256:cc0cbfcaabf765d44595825fb96a99bb12c79716b73b44330ea38ee2b0c4aed4", size = 10485, upload-time = "2022-06-15T21:40:27.561Z" }
wheels = [
    { url = "https://files.pythonhosted.org/packages/9c/1f/19ebc343cc71a7ffa78f17018535adc5cbdd87afb31d7c34874680148b32/ifaddr-0.2.0-py3-none-any.whl", hash = "sha256:085e0305cfe6f16ab12d72e2024030f5d52674afad6911bb1eee207177b8a748", size = 12314, upload-time = "2022-06-15T21:40:25.756Z" },
]

[[package]]
name = "typing-extensions"
version = "4.15.0"
source = { registry = "https://pypi.org/simple" }
sdist = { url = "https://files.pythonhosted.org/packages/72/94/1a15dd82efb362ac84269196e94cf00f187f7ed21c242792a923cdb1c61f/typing_extensions-4.15.0.tar.gz", hash = "sha256:0cea48d173cc12fa28ecabc3b837ea3cf6f38c6d1136f85cbaaf598984861466", size = 109391, upload-time = "2025-08-25T13:49:26.313Z" }
wheels = [
    { url = "https://files.pythonhosted.org/packages/18/67/36e9267722cc04a6b9f15c7f3441c2363321a3ea07da7ae0c0707beb2a9c/typing_extensions-4.15.0-py3-none-any.whl", hash = "sha256:f0fa19c6845758ab08074a0cfa8b7aecb71c999ca73d62883bc25cc018c4e548", size = 44614, upload-time = "2025-08-25T13:49:24.86Z" },
]

[[package]]
name = "zeroconf"
version = "0.148.0"
source = { registry = "https://pypi.org/simple" }
dependencies = [
    { name = "ifaddr" },
]
sdist = { url = "https://files.pythonhosted.org/packages/67/46/10db987799629d01930176ae523f70879b63577060d63e05ebf9214aba4b/zeroconf-0.148.0.tar.gz", hash = "sha256:03fcca123df3652e23d945112d683d2f605f313637611b7d4adf31056f681702", size = 164447, upload-time = "2025-10-05T00:21:19.199Z" }
wheels = [
    { url = "https://files.pythonhosted.org/packages/88/47/a2ff13f3a0a7b9bd4cc1a904e7ddfd4f327043387915607db1117e1c1417/zeroconf-0.148.0-cp310-cp310-macosx_10_9_x86_64.whl", hash = "sha256:9146731bb82bc7b42f009aa69619b17a4b6ddecc75eee9a59249c12c804d0637", size = 1708548, upload-time = "2025-10-05T01:07:30.722Z" },
    { url = "https://files.pythonhosted.org/packages/54/11/7c871eba676458e5f3943e45281db91c3b01743b8e7f5401640855ca863e/zeroconf-0.148.0-cp310-cp310-macosx_11_0_arm64.whl", hash = "sha256:db24dc2e5367dc61bacbf302b7c85cc10ee1a9de8f1710380027992afd1ddcb4", size = 1682018, upload-time = "2025-10-05T01:07:33.879Z" },
    { url = "https://files.pythonhosted.org/packages/1a/73/62149096a758e6036625a66b1053af8600126cb8e50ca8adcb705732e211/zeroconf-0.148.0-cp310-cp310-manylinux2014_aarch64.manylinux_2_17_aarch64.manylinux_2_28_aarch64.whl", hash = "sha256:2202ac7dc2777249561292c9151919d70fbe25a31983b7e127b43878ea67483c", size = 2195888, upload-time = "2025-10-05T01:07:35.833Z" },
    { url = "https://files.pythonhosted.org/packages/c5/35/9ace30a86ec42b11a1904d63fa260c166c972a743079d6ffaa69f8085924/zeroconf-0.148.0-cp310-cp310-manylinux2014_armv7l.manylinux_2_17_armv7l.manylinux_2_31_armv7l.whl", hash = "sha256:876e9e61a7065d201d39c466449e01fa9e19c3c7b2c5ee57bc628f15e21653fb", size = 1970965, upload-time = "2025-10-05T01:07:37.809Z" },
    { url = "https://files.pythonhosted.org/packages/6a/15/b463e84c221ccbbc04a6d4f69a2e2c2c005ce04a233ec2d398987f50177f/zeroconf-0.148.0-cp310-cp310-manylinux2014_x86_64.manylinux_2_17_x86_64.manylinux_2_28_x86_64.whl", hash = "sha256:171ff9d59283737946d79c6a290a597a3d10d0d24d6a3a87de67ce3064157afc", size = 2269837, upload-time = "2025-10-05T01:07:39.698Z" },
    { url = "https://files.pythonhosted.org/packages/85/9d/b56979c5abb14d18790eca845428b417990177ebd9674b1b1f61491efd3b/zeroconf-0.148.0-cp310-cp310-musllinux_1_2_aarch64.whl", hash = "sha256:76d53985fa40cefb3a82c1d5d761217392bbc811964715e1bf73e74084012062", size = 2224442, upload-time = "2025-10-05T01:07:41.816Z" },
    { url = "https://files.pythonhosted.org/packages/63/61/6b6cf5d1f75f464cb697bc4fcb59baaa792485d5f8a29ac460ed75d1afe8/zeroconf-0.148.0-cp310-cp310-musllinux_1_2_armv7l.whl", hash = "sha256:429e8ed8428737f2586992aaf11a21302184cd4e1c641fbd7abe8946d9ff7089", size = 2017165, upload-time = "2025-10-05T01:07:43.708Z" },
    { url = "https://files.pythonhosted.org/packages/7d/f3/cce930ce7d57da67ce7662b188907415441c3edfca4aac97be53049c0cc9/zeroconf-0.148.0-cp310-cp310-musllinux_1_2_x86_64.whl", hash = "sha256:aa0cdcb91f231789d8f6ba7ed702d05a36975e7b06fd663aff25205ddca2b659", size = 2293150, upload-time = "2025-10-05T01:07:45.695Z" },
    { url = "https://files.pythonhosted.org/packages/b5/2f/d011bc4ba85a8df2796622f91a44f181526e382ff57c69df0dd11a4ce57a/zeroconf-0.148.0-cp310-cp310-win32.whl", hash = "sha256:3c1ec76c031712c6289cc94acee43e7bf7a6cb52b45675278348926eacffc668", size = 1310884, upload-time = "2025-10-05T01:07:47.561Z" },
    { url = "https://files.pythonhosted.org/packages/cf/7a/abedff888ffc6e79c2a189a7bb9f4b358c57db895a21bbb0e59b40c6e5c8/zeroconf-0.148.0-cp310-cp310-win_amd64.whl", hash = "sha256:144fa2e0246292ea9c62792327d230f1b996c65cec16024b10689ee597b05ab2", size = 1527932, upload-time = "2025-10-05T01:07:49.726Z" },
    { url = "https://files.pythonhosted.org/packages/00/1f/dcaed909fabbdf760739b3081cbea3f7cd564e61a708dca00a55960da11c/zeroconf-0.148.0-cp311-cp311-macosx_10_9_x86_64.whl", hash = "sha256:b923e26369e302863aa5370eff4d4d72a0b90ba85d3b9f608c62cbab78f14dc2", size = 1723036, upload-time = "2025-10-05T01:07:51.26Z" },
    { url = "https://files.pythonhosted.org/packages/05/37/849d419ccd60e37e02ca7364ac9451e500e517cebf884bee88e6811c442b/zeroconf-0.148.0-cp311-cp311-macosx_11_0_arm64.whl", hash = "sha256:0cbffd751877b74cd64c529061e5a524ebfa59af16930330548033e307701fee", size = 1696983, upload-time = "2025-10-05T01:07:52.818Z" },
    { url = "https://files.pythonhosted.org/packages/b4/1e/1511a2f10e22e51e391638dc58786af74c996513b6588c9219f085cc898e/zeroconf-0.148.0-cp311-cp311-manylinux2014_aarch64.manylinux_2_17_aarch64.manylinux_2_28_aarch64.whl", hash = "sha256:34275f60a5ab01d2d0a190662d16603b75f9225cee4ab58d388ff86d8011352a", size = 2208149, upload-time = "2025-10-05T01:07:54.7Z" },
    { url = "https://files.pythonhosted.org/packages/e7/8e/744b4cc8d9ee314be5fe3fbd597baef4cc3998d24d70ac1265dfa7750544/zeroconf-0.148.0-cp311-cp311-manylinux2014_armv7l.manylinux_2_17_armv7l.manylinux_2_31_armv7l.whl", hash = "sha256:556ff0b9dfc0189f33c6e6110aa23d9f7564a7475f4cdc624a0584c1133ae44b", size = 1978151, upload-time = "2025-10-05T01:07:56.638Z" },
    { url = "https://files.pythonhosted.org/packages/42/1f/d8b365a3f3979ea3f0ecb02c22c61d2cdc4fc5bc0bc182ff52547935923c/zeroconf-0.148.0-cp311-cp311-manylinux2014_x86_64.manylinux_2_17_x86_64.manylinux_2_28_x86_64.whl", hash = "sha256:b8aa15461e35169b4ec25cc45ec82750023e6c2e96ebc099a014caaf544316f7", size = 2285527, upload-time = "2025-10-05T01:07:58.157Z" },
    { url = "https://files.pythonhosted.org/packages/ac/5b/0a27fd233240a911a58eae6037357f0d088cdcbff295cf01ad05a0b91bd6/zeroconf-0.148.0-cp311-cp311-musllinux_1_2_aarch64.whl", hash = "sha256:25b8b72177bbe0792f5873c16330d759811540edb24ed9ead305874183eaefd5", size = 2237619, upload-time = "2025-10-05T01:07:59.782Z" },
    { url = "https://files.pythonhosted.org/packages/d2/1a/56d6155eb3b8a77a11dcf0c77ef747c46a1c778d8957b818dfdc0578886e/zeroconf-0.148.0-cp311-cp311-musllinux_1_2_armv7l.whl", hash = "sha256:10ce75cdb524f955773114697633d73644aad6c35daef5315fa478bff9bee24d", size = 2031313, upload-time = "2025-10-05T01:08:01.378Z" },
    { url = "https://files.pythonhosted.org/packages/21/4c/4521a8c469802c16f61e6b12b674a239684d0fe8e51fe66ebe0223ca4d2d/zeroconf-0.148.0-cp311-cp311-musllinux_1_2_x86_64.whl", hash = "sha256:49512e6d59be66be769f36e1f7f025a2841783da1be708d4b4a92a7b63135b68", size = 2309244, upload-time = "2025-10-05T01:08:03.311Z" },
    { url = "https://files.pythonhosted.org/packages/5b/8b/b34de5602013e6a4d08918adaaadf706985a45990018c9d4339dd6df6b8d/zeroconf-0.148.0-cp311-cp311-win32.whl", hash = "sha256:8ff905f8ff9083a853eb4e65eb31b09fa9d7a6633de92ac1e2018819eee52d30", size = 1305325, upload-time = "2025-10-05T01:08:04.841Z" },
    { url = "https://files.pythonhosted.org/packages/c8/f4/a9f279aee669b03a7e1b435ee7bd4fb1fd4ced040d2188af903d3b276e29/zeroconf-0.148.0-cp311-cp311-win_amd64.whl", hash = "sha256:7339a485403c75aa4f3c38ddcb68eb14f01fd5e1dc1ef75b068b185e703ea7ea", size = 1529930, upload-time = "2025-10-05T01:08:07.044Z" },
    { url = "https://files.pythonhosted.org/packages/00/b3/6c08ccbda1e78c8f538d8add49fac2fe49ef85ee34b62877df4154715583/zeroconf-0.148.0-cp312-cp312-macosx_10_13_x86_64.whl", hash = "sha256:aef8699ea47cd47c9219e3f110a35ad50c13c34c7c6db992f3c9f75feec6ef8f", size = 1735431, upload-time = "2025-10-05T01:08:09.375Z" },
    { url = "https://files.pythonhosted.org/packages/cb/37/6b91c4a4258863e485602e6b1eb098fe406142a653112e8719c49b69afc4/zeroconf-0.148.0-cp312-cp312-macosx_11_0_arm64.whl", hash = "sha256:9097e7010b9f9a64e5f2084493e9973d446bd85c7a7cbef5032b2b0a2ecc5a12", size = 1701594, upload-time = "2025-10-05T01:08:11.448Z" },
    { url = "https://files.pythonhosted.org/packages/c6/78/5eaaf66d39b3bccc17b52187eebb2dde93f761f4ee8b6c83b8fe764273f5/zeroconf-0.148.0-cp312-cp312-manylinux2014_aarch64.manylinux_2_17_aarch64.manylinux_2_28_aarch64.whl", hash = "sha256:cdc566c387260fb7bf89f91d00460d0c9b9373dfddcf1fcc980ab3f7270154f9", size = 2134103, upload-time = "2025-10-05T01:08:13.061Z" },
    { url = "https://files.pythonhosted.org/packages/19/a5/e4ebe7b5fbea512fe13efb466d855124126d2f531a18216c7cb509b8a4dd/zeroconf-0.148.0-cp312-cp312-manylinux2014_armv7l.manylinux_2_17_armv7l.manylinux_2_31_armv7l.whl", hash = "sha256:10cbd4134cacc22c3b3b169d7f782472a1dd36895e1421afa4f681caf181c07b", size = 1930109, upload-time = "2025-10-05T01:08:14.68Z" },
    { url = "https://files.pythonhosted.org/packages/e1/16/7f7c5cee5279afe2a6a8b9657de9a587ccb34168d7c99acc6d2b40b9d87e/zeroconf-0.148.0-cp312-cp312-manylinux2014_x86_64.manylinux_2_17_x86_64.manylinux_2_28_x86_64.whl", hash = "sha256:dde01541e6a45c4d1b6e6d97b532ea241abc32c183745a74021b134d867388d8", size = 2230425, upload-time = "2025-10-05T01:08:16.296Z" },
    { url = "https://files.pythonhosted.org/packages/cd/41/0e1999db76e390fca9eef8257455955445a0386b94ce0ef6ce74896d7e2a/zeroconf-0.148.0-cp312-cp312-musllinux_1_2_aarch64.whl", hash = "sha256:8ceab8f10ab6fc0847a2de74377663793a974fdba77e7e6ba1ff47679f4bb845", size = 2161052, upload-time = "2025-10-05T01:08:17.976Z" },
    { url = "https://files.pythonhosted.org/packages/5e/19/6585fe6308b8f1ac0ac4d37ac69064ec2a36b81cf9080813cb666229694c/zeroconf-0.148.0-cp312-cp312-musllinux_1_2_armv7l.whl", hash = "sha256:0a8c36c37d8835420fc337be4aaa03c3a34272028919de575124c10d31a7e304", size = 2015005, upload-time = "2025-10-05T01:08:20.318Z" },
    { url = "https://files.pythonhosted.org/packages/74/ec/a9d0a577be157170f513e6ad6ebb3cd8dd9602c670d74911e9c5534e1c1d/zeroconf-0.148.0-cp312-cp312-musllinux_1_2_x86_64.whl", hash = "sha256:848d57df1bb3b48279ba9b66e6c1f727570e2c8e7e0c4518c2daffaf23419d03", size = 2253785, upload-time = "2025-10-05T01:08:21.971Z" },
    { url = "https://files.pythonhosted.org/packages/ae/43/6679c16d4e6897c9aa502ee35c122bb605eee855612fad2ef6e0e13722c4/zeroconf-0.148.0-cp312-cp312-win32.whl", hash = "sha256:ba6eaa6b769924391c213dc391f36bd1c7e3ebe45fa3fa0cd97451b4f9ccef5c", size = 1295810, upload-time = "2025-10-05T01:08:23.575Z" },
    { url = "https://files.pythonhosted.org/packages/8e/42/a2d61df82086ddd32b9a5870ac683e8e5038cae38e2433c4fa03fe044235/zeroconf-0.148.0-cp312-cp312-win_amd64.whl", hash = "sha256:cec84ae7028db4a3addcc18628d12456cf39a9e973abee4a41e3b94d0db7df4c", size = 1533317, upload-time = "2025-10-05T01:08:26.973Z" },
    { url = "https://files.pythonhosted.org/packages/46/09/394a24a633645063557c5144c9abb694699df76155dcab5e1e3078dd1323/zeroconf-0.148.0-cp313-cp313-macosx_10_13_x86_64.whl", hash = "sha256:6ad889929bdc3953530546a4a2486d8c07f5a18d4ef494a98446bf17414897a7", size = 1714465, upload-time = "2025-10-05T01:08:28.692Z" },
    { url = "https://files.pythonhosted.org/packages/3d/db/f57c4bfcceb67fe474705cbadba3f8f7a88bdc95892e74ba6d85e24d28c3/zeroconf-0.148.0-cp313-cp313-macosx_11_0_arm64.whl", hash = "sha256:29fb10be743650eb40863f1a1ee868df1869357a0c2ab75140ee3d7079540c1e", size = 1683877, upload-time = "2025-10-05T01:08:30.42Z" },
    { url = "https://files.pythonhosted.org/packages/54/6c/b3e2d39c40802a8cc9415357acdb76ff01bc29e25ffaa811771b6fffc428/zeroconf-0.148.0-cp313-cp313-manylinux2014_aarch64.manylinux_2_17_aarch64.manylinux_2_28_aarch64.whl", hash = "sha256:f2995e74969c577461060539164c47e1ba674470585cb0f954ebeb77f032f3c2", size = 2122874, upload-time = "2025-10-05T01:08:32.11Z" },
    { url = "https://files.pythonhosted.org/packages/66/eb/0ac2bf51d58d47cfa854628036a7ad95544a1802bc890f3d69649dc35e46/zeroconf-0.148.0-cp313-cp313-manylinux2014_armv7l.manylinux_2_17_armv7l.manylinux_2_31_armv7l.whl", hash = "sha256:5be50346efdc20823f9d68d8757612767d11ceb8da7637d46080977b87912551", size = 1922164, upload-time = "2025-10-05T01:08:33.78Z" },
    { url = "https://files.pythonhosted.org/packages/59/ff/c7372507c7e25ad3499fe08d4678deb1ed41c57f78ff5df43bd2d4d98cfc/zeroconf-0.148.0-cp313-cp313-manylinux2014_x86_64.manylinux_2_17_x86_64.manylinux_2_28_x86_64.whl", hash = "sha256:cc88fd01b5552ffb4d5bc551d027ac28a1852c03ceab754d02bd0d5f04c54e85", size = 2214119, upload-time = "2025-10-05T01:08:35.478Z" },
    { url = "https://files.pythonhosted.org/packages/d7/c7/57f0889f47923b4fa4364b62b7b3ffc347f6bad09a25ce4e578b8991a86d/zeroconf-0.148.0-cp313-cp313-manylinux_2_36_x86_64.whl", hash = "sha256:5af260c74187751c0df6a40f38d6fd17cb8658a734b0e1148a86084b71c1977c", size = 2137609, upload-time = "2025-10-05T00:21:15.953Z" },
    { url = "https://files.pythonhosted.org/packages/3b/33/9cb5558695c1377941dbb10a5591f88a787f9e1fba130642693d5c80663b/zeroconf-0.148.0-cp313-cp313-musllinux_1_2_aarch64.whl", hash = "sha256:b6078c73a76d49ba969ca2bb7067e4d58ebd2b79a5f956e45c4c989b11d36e03", size = 2154314, upload-time = "2025-10-05T01:08:37.523Z" },
    { url = "https://files.pythonhosted.org/packages/38/06/cf4e17a86922b4561d85d36f50f1adada1328723e882d95aa42baefa5479/zeroconf-0.148.0-cp313-cp313-musllinux_1_2_armv7l.whl", hash = "sha256:3e686bf741158f4253d5e0aa6a8f9d34b3140bf5826c0aca9b906273b9c77a5f", size = 2004973, upload-time = "2025-10-05T01:08:39.825Z" },
    { url = "https://files.pythonhosted.org/packages/a4/61/937a405783317639cd11e7bfab3879669896297b6ca2edfb0d2d9c8dbb30/zeroconf-0.148.0-cp313-cp313-musllinux_1_2_x86_64.whl", hash = "sha256:52d6ac06efe05a1e46089cfde066985782824f64b64c6982e8678e70b4b49453", size = 2237775, upload-time = "2025-10-05T01:08:41.535Z" },
    { url = "https://files.pythonhosted.org/packages/03/43/a1751c4b63e108a2318c2266e5afdd9d62292250aa8b1a8ed1674090885c/zeroconf-0.148.0-cp313-cp313-win32.whl", hash = "sha256:b9ba58e2bbb0cff020b54330916eaeb8ee8f4b0dde852e84f670f4ca3a0dd059", size = 1291073, upload-time = "2025-10-05T01:08:43.757Z" },
    { url = "https://files.pythonhosted.org/packages/5e/69/5f4f9eb14506e2afd2d423472e566d5455334d0c8740b933914d642bdbb5/zeroconf-0.148.0-cp313-cp313-win_amd64.whl", hash = "sha256:ee3fcc2edcc04635cf673c400abac2f0c22c9786490fbfb971e0a860a872bf26", size = 1528568, upload-time = "2025-10-05T01:08:45.505Z" },
    { url = "https://files.pythonhosted.org/packages/a5/46/ac86e3a3ff355058cd0818b01a3a97ca3f2abc0a034f1edb8eea27cea65c/zeroconf-0.148.0-cp314-cp314-macosx_10_13_x86_64.whl", hash = "sha256:2158d8bfefcdb90237937df65b2235870ccef04644497e4e29d3ab5a4b3199b6", size = 1714870, upload-time = "2025-10-05T01:08:47.624Z" },
    { url = "https://files.pythonhosted.org/packages/de/02/c5e8cd8dfda0ca16c7309c8d12c09a3114e5b50054bce3c93da65db8b8e4/zeroconf-0.148.0-cp314-cp314-macosx_11_0_arm64.whl", hash = "sha256:695f6663bf8df30fe1826a2c4d5acd8213d9cbd9111f59d375bf1ad635790e98", size = 1697756, upload-time = "2025-10-05T01:08:49.472Z" },
    { url = "https://files.pythonhosted.org/packages/63/04/a66c1011d05d7bb8ae6a847d41ac818271a942390f3d8c83c776389ca094/zeroconf-0.148.0-cp314-cp314-manylinux2014_aarch64.manylinux_2_17_aarch64.manylinux_2_28_aarch64.whl", hash = "sha256:aa65a24ec055be0a1cba2b986ac3e1c5d97a40abe164991aabc6a6416cc9df02", size = 2146784, upload-time = "2025-10-05T01:08:51.766Z" },
    { url = "https://files.pythonhosted.org/packages/7c/d4/2239d87c3f60f886bd2dd299e9c63b811efd58b8b6fc659d8fd0900db3bc/zeroconf-0.148.0-cp314-cp314-manylinux2014_armv7l.manylinux_2_17_armv7l.manylinux_2_31_armv7l.whl", hash = "sha256:79890df4ff696a5cdc4a59152957be568bea1423ed13632fc09e2a196c6721d5", size = 1899394, upload-time = "2025-10-05T01:08:53.457Z" },
    { url = "https://files.pythonhosted.org/packages/fb/60/534a4b576a8f9f5edff648ac9a5417323bef3086a77397f2f2058125a3c8/zeroconf-0.148.0-cp314-cp314-manylinux2014_x86_64.manylinux_2_17_x86_64.manylinux_2_28_x86_64.whl", hash = "sha256:6c0ca6e8e063eb5a385469bb8d8dec12381368031cb3a82c446225511863ede3", size = 2221319, upload-time = "2025-10-05T01:08:55.271Z" },
    { url = "https://files.pythonhosted.org/packages/b5/8c/1c8e9b7d604910830243ceb533d796dae98ed0c72902624a642487edfd61/zeroconf-0.148.0-cp314-cp314-musllinux_1_2_aarch64.whl", hash = "sha256:ece6f030cc7a771199760963c11ce4e77ed95011eedffb1ca5186247abfec24a", size = 2178586, upload-time = "2025-10-05T01:08:56.966Z" },
    { url = "https://files.pythonhosted.org/packages/16/55/178c4b95840dc687d45e413a74d2236a25395ab036f4813628271306ab9d/zeroconf-0.148.0-cp314-cp314-musllinux_1_2_armv7l.whl", hash = "sha256:c3f860ad0003a8999736fa2ae4c2051dd3c2e5df1bc1eaea2f872f5fcbd1f1c1", size = 1972371, upload-time = "2025-10-05T01:08:59.103Z" },
    { url = "https://files.pythonhosted.org/packages/fb/86/b599421fe634d9f3a2799f69e6e7db9f13f77d326331fa2bb5982e936665/zeroconf-0.148.0-cp314-cp314-musllinux_1_2_x86_64.whl", hash = "sha256:ab8e687255cf54ebeae7ede6a8be0566aec752c570e16dbea84b3f9b149ba829", size = 2244286, upload-time = "2025-10-05T01:09:01.029Z" },
    { url = "https://files.pythonhosted.org/packages/3e/cb/a30c42057be5da6bb4cbe1ab53bc3a7d9a29cd59caae097d3072a9375c14/zeroconf-0.148.0-cp314-cp314-win32.whl", hash = "sha256:6b1a6ddba3328d741798c895cecff21481863eb945c3e5d30a679461f4435684", size = 1321693, upload-time = "2025-10-05T01:09:02.715Z" },
    { url = "https://files.pythonhosted.org/packages/2c/38/06873cdf769130af463ef5acadbaf4a50826a7274374bc3b9a4ec5d32678/zeroconf-0.148.0-cp314-cp314-win_amd64.whl", hash = "sha256:2588f1ca889f57cdc09b3da0e51175f1b6153ce0f060bf5eb2a8804c5953b135", size = 1563980, upload-time = "2025-10-05T01:09:04.857Z" },
    { url = "https://files.pythonhosted.org/packages/36/fb/53d749793689279bc9657d818615176577233ad556d62f76f719e86ead1d/zeroconf-0.148.0-cp314-cp314t-macosx_10_13_x86_64.whl", hash = "sha256:40fe100381365c983a89e4b219a7ececcc2a789ac179cd26d4a6bbe00ae3e8fe", size = 3418152, upload-time = "2025-10-05T01:09:06.71Z" },
    { url = "https://files.pythonhosted.org/packages/b9/19/5eb647f7277378cbfdb6943dc8e60c3b17cdd1556f5082ccfdd6813e1ce8/zeroconf-0.148.0-cp314-cp314t-macosx_11_0_arm64.whl", hash = "sha256:0b9c7bcae8af8e27593bad76ee0f0c21d43c6a2324cd1e34d06e6e08cb3fd922", size = 3389671, upload-time = "2025-10-05T01:09:08.903Z" },
    { url = "https://files.pythonhosted.org/packages/86/12/3134aa54d30a9ae2e2473212eab586fe1779f845bf241e68729eca63d2ab/zeroconf-0.148.0-cp314-cp314t-manylinux2014_aarch64.manylinux_2_17_aarch64.manylinux_2_28_aarch64.whl", hash = "sha256:cf8ba75dacd58558769afb5da24d83da4fdc2a5c43a52f619aaa107fa55d3fdc", size = 4123125, upload-time = "2025-10-05T01:09:11.064Z" },
    { url = "https://files.pythonhosted.org/packages/12/23/4a0284254ebce373ff1aee7240932a0599ecf47e3c711f93242a861aa382/zeroconf-0.148.0-cp314-cp314t-manylinux2014_armv7l.manylinux_2_17_armv7l.manylinux_2_31_armv7l.whl", hash = "sha256:75f9a8212c541a4447c064433862fd4b23d75d47413912a28204d2f9c4929a59", size = 3651426, upload-time = "2025-10-05T01:09:13.725Z" },
    { url = "https://files.pythonhosted.org/packages/76/9a/7b79ef986b5467bb8f17b9a9e6eea887b0b56ecafc00515c81d118e681b4/zeroconf-0.148.0-cp314-cp314t-manylinux2014_x86_64.manylinux_2_17_x86_64.manylinux_2_28_x86_64.whl", hash = "sha256:be64c0eb48efa1972c13f7f17a7ac0ed7932ebb9672e57f55b17536412146206", size = 4263151, upload-time = "2025-10-05T01:09:15.732Z" },
    { url = "https://files.pythonhosted.org/packages/dd/0a/caa6d05548ca7cf28a0b8aa20a9dbb0f8176172f28799e53ea11f78692a3/zeroconf-0.148.0-cp314-cp314t-musllinux_1_2_aarch64.whl", hash = "sha256:ac1d4ee1d5bac71c27aea6d1dc1e1485423a1631a81be1ea65fb45ac280ade96", size = 4191717, upload-time = "2025-10-05T01:09:18.071Z" },
    { url = "https://files.pythonhosted.org/packages/46/f6/dbafa3b0f2d7a09315ed3ad588d36de79776ce49e00ec945c6195cad3f18/zeroconf-0.148.0-cp314-cp314t-musllinux_1_2_armv7l.whl", hash = "sha256:8da9bdb39ead9d5971136046146cd5e11413cb979c011e19f717b098788b5c37", size = 3793490, upload-time = "2025-10-05T01:09:20.045Z" },
    { url = "https://files.pythonhosted.org/packages/c4/05/f8b88937659075116c122355bdd9ce52376cc46e2269d91d7d4f10c9a658/zeroconf-0.148.0-cp314-cp314t-musllinux_1_2_x86_64.whl", hash = "sha256:f6e3dd22732df47a126aefb5ca4b267e828b47098a945d4468d38c72843dd6df", size = 4311455, upload-time = "2025-10-05T01:09:22.042Z" },
    { url = "https://files.pythonhosted.org/packages/58/c0/359bdb3b435d9c573aec1f877f8a63d5e81145deb6c160de89647b237363/zeroconf-0.148.0-cp314-cp314t-win32.whl", hash = "sha256:cdc8083f0b5efa908ab6c8e41687bcb75fd3d23f49ee0f34cbc58422437a456f", size = 2755961, upload-time = "2025-10-05T01:09:24.041Z" },
    { url = "https://files.pythonhosted.org/packages/d8/ab/7b487afd5d1fd053c5a018565be734ac6d5e554bce938c7cc126154adcfc/zeroconf-0.148.0-cp314-cp314t-win_amd64.whl", hash = "sha256:f72c1f77a89638e87f243a63979f0fd921ce391f83e18e17ec88f9f453717701", size = 3309977, upload-time = "2025-10-05T01:09:26.039Z" },
]
